
Microsoft Visual Studio Solution File, Format Version 12.00
# Visual Studio 15
VisualStudioVersion = 15.0.28010.2026
MinimumVisualStudioVersion = 10.0.40219.1
Project("{FAE04EC0-301F-11D3-BF4B-00C04F79EFBC}") = "Vectores", "Vectores\Vectores.csproj", "{FDDB8B21-34A0-4CA1-A3B5-0874763FCFB7}"
EndProject
Global
	GlobalSection(SolutionConfigurationPlatforms) = preSolution
		Debug|Any CPU = Debug|Any CPU
		Release|Any CPU = Release|Any CPU
	EndGlobalSection
	GlobalSection(ProjectConfigurationPlatforms) = postSolution
		{FDDB8B21-34A0-4CA1-A3B5-0874763FCFB7}.Debug|Any CPU.ActiveCfg = Debug|Any CPU
		{FDDB8B21-34A0-4CA1-A3B5-0874763FCFB7}.Debug|Any CPU.Build.0 = Debug|Any CPU
		{FDDB8B21-34A0-4CA1-A3B5-0874763FCFB7}.Release|Any CPU.ActiveCfg = Release|Any CPU
		{FDDB8B21-34A0-4CA1-A3B5-0874763FCFB7}.Release|Any CPU.Build.0 = Release|Any CPU
	EndGlobalSection
	GlobalSection(SolutionProperties) = preSolution
		HideSolutionNode = FALSE
	EndGlobalSection
	GlobalSection(ExtensibilityGlobals) = postSolution
		SolutionGuid = {3E2FC13A-3192-440F-A503-2476B863EF64}
	EndGlobalSection
EndGlobal
